
Microsoft Visual Studio Solution File, Format Version 12.00
# Visual Studio 15
VisualStudioVersion = 15.0.27004.2008
MinimumVisualStudioVersion = 10.0.40219.1
Project("{FAE04EC0-301F-11D3-BF4B-00C04F79EFBC}") = "elRenuevo.Android", "elRenuevo\elRenuevo.Android\elRenuevo.Android.csproj", "{B83D8404-8348-4489-A858-FECCD402C5EB}"
EndProject
Project("{FAE04EC0-301F-11D3-BF4B-00C04F79EFBC}") = "elRenuevo", "elRenuevo\elRenuevo\elRenuevo.csproj", "{95C4FD20-A3AF-4893-8669-945AA33E84F9}"
EndProject
Project("{FAE04EC0-301F-11D3-BF4B-00C04F79EFBC}") = "elRenuevo.UWP", "elRenuevo\elRenuevo.UWP\elRenuevo.UWP.csproj", "{A1254C4A-C939-4D8D-85E4-9426E8C3F370}"
EndProject
Project("{FAE04EC0-301F-11D3-BF4B-00C04F79EFBC}") = "elRenuevo.iOS", "elRenuevo\elRenuevo.iOS\elRenuevo.iOS.csproj", "{3FA3C9B7-E3E8-4ED9-AE9C-0819B8D1FB7B}"
EndProject
Global
	GlobalSection(SolutionConfigurationPlatforms) = preSolution
		Ad-Hoc|Any CPU = Ad-Hoc|Any CPU
		Ad-Hoc|ARM = Ad-Hoc|ARM
		Ad-Hoc|iPhone = Ad-Hoc|iPhone
		Ad-Hoc|iPhoneSimulator = Ad-Hoc|iPhoneSimulator
		Ad-Hoc|x64 = Ad-Hoc|x64
		Ad-Hoc|x86 = Ad-Hoc|x86
		AppStore|Any CPU = AppStore|Any CPU
		AppStore|ARM = AppStore|ARM
		AppStore|iPhone = AppStore|iPhone
		AppStore|iPhoneSimulator = AppStore|iPhoneSimulator
		AppStore|x64 = AppStore|x64
		AppStore|x86 = AppStore|x86
		Debug|Any CPU = Debug|Any CPU
		Debug|ARM = Debug|ARM
		Debug|iPhone = Debug|iPhone
		Debug|iPhoneSimulator = Debug|iPhoneSimulator
		Debug|x64 = Debug|x64
		Debug|x86 = Debug|x86
		Release|Any CPU = Release|Any CPU
		Release|ARM = Release|ARM
		Release|iPhone = Release|iPhone
		Release|iPhoneSimulator = Release|iPhoneSimulator
		Release|x64 = Release|x64
		Release|x86 = Release|x86
	EndGlobalSection
	GlobalSection(ProjectConfigurationPlatforms) = postSolution
		{B83D8404-8348-4489-A858-FECCD402C5EB}.Ad-Hoc|Any CPU.ActiveCfg = Release|Any CPU
		{B83D8404-8348-4489-A858-FECCD402C5EB}.Ad-Hoc|Any CPU.Build.0 = Release|Any CPU
		{B83D8404-8348-4489-A858-FECCD402C5EB}.Ad-Hoc|Any CPU.Deploy.0 = Release|Any CPU
		{B83D8404-8348-4489-A858-FECCD402C5EB}.Ad-Hoc|ARM.ActiveCfg = Release|Any CPU
		{B83D8404-8348-4489-A858-FECCD402C5EB}.Ad-Hoc|ARM.Build.0 = Release|Any CPU
		{B83D8404-8348-4489-A858-FECCD402C5EB}.Ad-Hoc|ARM.Deploy.0 = Release|Any CPU
		{B83D8404-8348-4489-A858-FECCD402C5EB}.Ad-Hoc|iPhone.ActiveCfg = Release|Any CPU
		{B83D8404-8348-4489-A858-FECCD402C5EB}.Ad-Hoc|iPhone.Build.0 = Release|Any CPU
		{B83D8404-8348-4489-A858-FECCD402C5EB}.Ad-Hoc|iPhone.Deploy.0 = Release|Any CPU
		{B83D8404-8348-4489-A858-FECCD402C5EB}.Ad-Hoc|iPhoneSimulator.ActiveCfg = Release|Any CPU
		{B83D8404-8348-4489-A858-FECCD402C5EB}.Ad-Hoc|iPhoneSimulator.Build.0 = Release|Any CPU
		{B83D8404-8348-4489-A858-FECCD402C5EB}.Ad-Hoc|iPhoneSimulator.Deploy.0 = Release|Any CPU
		{B83D8404-8348-4489-A858-FECCD402C5EB}.Ad-Hoc|x64.ActiveCfg = Release|Any CPU
		{B83D8404-8348-4489-A858-FECCD402C5EB}.Ad-Hoc|x64.Build.0 = Release|Any CPU
		{B83D8404-8348-4489-A858-FECCD402C5EB}.Ad-Hoc|x64.Deploy.0 = Release|Any CPU
		{B83D8404-8348-4489-A858-FECCD402C5EB}.Ad-Hoc|x86.ActiveCfg = Release|Any CPU
		{B83D8404-8348-4489-A858-FECCD402C5EB}.Ad-Hoc|x86.Build.0 = Release|Any CPU
		{B83D8404-8348-4489-A858-FECCD402C5EB}.Ad-Hoc|x86.Deploy.0 = Release|Any CPU
		{B83D8404-8348-4489-A858-FECCD402C5EB}.AppStore|Any CPU.ActiveCfg = Release|Any CPU
		{B83D8404-8348-4489-A858-FECCD402C5EB}.AppStore|Any CPU.Build.0 = Release|Any CPU
		{B83D8404-8348-4489-A858-FECCD402C5EB}.AppStore|Any CPU.Deploy.0 = Release|Any CPU
		{B83D8404-8348-4489-A858-FECCD402C5EB}.AppStore|ARM.ActiveCfg = Release|Any CPU
		{B83D8404-8348-4489-A858-FECCD402C5EB}.AppStore|ARM.Build.0 = Release|Any CPU
		{B83D8404-8348-4489-A858-FECCD402C5EB}.AppStore|ARM.Deploy.0 = Release|Any CPU
		{B83D8404-8348-4489-A858-FECCD402C5EB}.AppStore|iPhone.ActiveCfg = Release|Any CPU
		{B83D8404-8348-4489-A858-FECCD402C5EB}.AppStore|iPhone.Build.0 = Release|Any CPU
		{B83D8404-8348-4489-A858-FECCD402C5EB}.AppStore|iPhone.Deploy.0 = Release|Any CPU
		{B83D8404-8348-4489-A858-FECCD402C5EB}.AppStore|iPhoneSimulator.ActiveCfg = Release|Any CPU
		{B83D8404-8348-4489-A858-FECCD402C5EB}.AppStore|iPhoneSimulator.Build.0 = Release|Any CPU
		{B83D8404-8348-4489-A858-FECCD402C5EB}.AppStore|iPhoneSimulator.Deploy.0 = Release|Any CPU
		{B83D8404-8348-4489-A858-FECCD402C5EB}.AppStore|x64.ActiveCfg = Release|Any CPU
		{B83D8404-8348-4489-A858-FECCD402C5EB}.AppStore|x64.Build.0 = Release|Any CPU
		{B83D8404-8348-4489-A858-FECCD402C5EB}.AppStore|x64.Deploy.0 = Release|Any CPU
		{B83D8404-8348-4489-A858-FECCD402C5EB}.AppStore|x86.ActiveCfg = Release|Any CPU
		{B83D8404-8348-4489-A858-FECCD402C5EB}.AppStore|x86.Build.0 = Release|Any CPU
		{B83D8404-8348-4489-A858-FECCD402C5EB}.AppStore|x86.Deploy.0 = Release|Any CPU
		{B83D8404-8348-4489-A858-FECCD402C5EB}.Debug|Any CPU.ActiveCfg = Debug|Any CPU
		{B83D8404-8348-4489-A858-FECCD402C5EB}.Debug|Any CPU.Build.0 = Debug|Any CPU
		{B83D8404-8348-4489-A858-FECCD402C5EB}.Debug|Any CPU.Deploy.0 = Debug|Any CPU
		{B83D8404-8348-4489-A858-FECCD402C5EB}.Debug|ARM.ActiveCfg = Debug|Any CPU
		{B83D8404-8348-4489-A858-FECCD402C5EB}.Debug|ARM.Build.0 = Debug|Any CPU
		{B83D8404-8348-4489-A858-FECCD402C5EB}.Debug|ARM.Deploy.0 = Debug|Any CPU
		{B83D8404-8348-4489-A858-FECCD402C5EB}.Debug|iPhone.ActiveCfg = Debug|Any CPU
		{B83D8404-8348-4489-A858-FECCD402C5EB}.Debug|iPhone.Build.0 = Debug|Any CPU
		{B83D8404-8348-4489-A858-FECCD402C5EB}.Debug|iPhone.Deploy.0 = Debug|Any CPU
		{B83D8404-8348-4489-A858-FECCD402C5EB}.Debug|iPhoneSimulator.ActiveCfg = Debug|Any CPU
		{B83D8404-8348-4489-A858-FECCD402C5EB}.Debug|iPhoneSimulator.Build.0 = Debug|Any CPU
		{B83D8404-8348-4489-A858-FECCD402C5EB}.Debug|iPhoneSimulator.Deploy.0 = Debug|Any CPU
		{B83D8404-8348-4489-A858-FECCD402C5EB}.Debug|x64.ActiveCfg = Debug|Any CPU
		{B83D8404-8348-4489-A858-FECCD402C5EB}.Debug|x64.Build.0 = Debug|Any CPU
		{B83D8404-8348-4489-A858-FECCD402C5EB}.Debug|x64.Deploy.0 = Debug|Any CPU
		{B83D8404-8348-4489-A858-FECCD402C5EB}.Debug|x86.ActiveCfg = Debug|Any CPU
		{B83D8404-8348-4489-A858-FECCD402C5EB}.Debug|x86.Build.0 = Debug|Any CPU
		{B83D8404-8348-4489-A858-FECCD402C5EB}.Debug|x86.Deploy.0 = Debug|Any CPU
		{B83D8404-8348-4489-A858-FECCD402C5EB}.Release|Any CPU.ActiveCfg = Release|Any CPU
		{B83D8404-8348-4489-A858-FECCD402C5EB}.Release|Any CPU.Build.0 = Release|Any CPU
		{B83D8404-8348-4489-A858-FECCD402C5EB}.Release|Any CPU.Deploy.0 = Release|Any CPU
		{B83D8404-8348-4489-A858-FECCD402C5EB}.Release|ARM.ActiveCfg = Release|Any CPU
		{B83D8404-8348-4489-A858-FECCD402C5EB}.Release|ARM.Build.0 = Release|Any CPU
		{B83D8404-8348-4489-A858-FECCD402C5EB}.Release|ARM.Deploy.0 = Release|Any CPU
		{B83D8404-8348-4489-A858-FECCD402C5EB}.Release|iPhone.ActiveCfg = Release|Any CPU
		{B83D8404-8348-4489-A858-FECCD402C5EB}.Release|iPhone.Build.0 = Release|Any CPU
		{B83D8404-8348-4489-A858-FECCD402C5EB}.Release|iPhone.Deploy.0 = Release|Any CPU
		{B83D8404-8348-4489-A858-FECCD402C5EB}.Release|iPhoneSimulator.ActiveCfg = Release|Any CPU
		{B83D8404-8348-4489-A858-FECCD402C5EB}.Release|iPhoneSimulator.Build.0 = Release|Any CPU
		{B83D8404-8348-4489-A858-FECCD402C5EB}.Release|iPhoneSimulator.Deploy.0 = Release|Any CPU
		{B83D8404-8348-4489-A858-FECCD402C5EB}.Release|x64.ActiveCfg = Release|Any CPU
		{B83D8404-8348-4489-A858-FECCD402C5EB}.Release|x64.Build.0 = Release|Any CPU
		{B83D8404-8348-4489-A858-FECCD402C5EB}.Release|x64.Deploy.0 = Release|Any CPU
		{B83D8404-8348-4489-A858-FECCD402C5EB}.Release|x86.ActiveCfg = Release|Any CPU
		{B83D8404-8348-4489-A858-FECCD402C5EB}.Release|x86.Build.0 = Release|Any CPU
		{B83D8404-8348-4489-A858-FECCD402C5EB}.Release|x86.Deploy.0 = Release|Any CPU
		{95C4FD20-A3AF-4893-8669-945AA33E84F9}.Ad-Hoc|Any CPU.ActiveCfg = Release|Any CPU
		{95C4FD20-A3AF-4893-8669-945AA33E84F9}.Ad-Hoc|Any CPU.Build.0 = Release|Any CPU
		{95C4FD20-A3AF-4893-8669-945AA33E84F9}.Ad-Hoc|ARM.ActiveCfg = Release|Any CPU
		{95C4FD20-A3AF-4893-8669-945AA33E84F9}.Ad-Hoc|ARM.Build.0 = Release|Any CPU
		{95C4FD20-A3AF-4893-8669-945AA33E84F9}.Ad-Hoc|iPhone.ActiveCfg = Release|Any CPU
		{95C4FD20-A3AF-4893-8669-945AA33E84F9}.Ad-Hoc|iPhone.Build.0 = Release|Any CPU
		{95C4FD20-A3AF-4893-8669-945AA33E84F9}.Ad-Hoc|iPhoneSimulator.ActiveCfg = Release|Any CPU
		{95C4FD20-A3AF-4893-8669-945AA33E84F9}.Ad-Hoc|iPhoneSimulator.Build.0 = Release|Any CPU
		{95C4FD20-A3AF-4893-8669-945AA33E84F9}.Ad-Hoc|x64.ActiveCfg = Release|Any CPU
		{95C4FD20-A3AF-4893-8669-945AA33E84F9}.Ad-Hoc|x64.Build.0 = Release|Any CPU
		{95C4FD20-A3AF-4893-8669-945AA33E84F9}.Ad-Hoc|x86.ActiveCfg = Release|Any CPU
		{95C4FD20-A3AF-4893-8669-945AA33E84F9}.Ad-Hoc|x86.Build.0 = Release|Any CPU
		{95C4FD20-A3AF-4893-8669-945AA33E84F9}.AppStore|Any CPU.ActiveCfg = Release|Any CPU
		{95C4FD20-A3AF-4893-8669-945AA33E84F9}.AppStore|Any CPU.Build.0 = Release|Any CPU
		{95C4FD20-A3AF-4893-8669-945AA33E84F9}.AppStore|ARM.ActiveCfg = Release|Any CPU
		{95C4FD20-A3AF-4893-8669-945AA33E84F9}.AppStore|ARM.Build.0 = Release|Any CPU
		{95C4FD20-A3AF-4893-8669-945AA33E84F9}.AppStore|iPhone.ActiveCfg = Release|Any CPU
		{95C4FD20-A3AF-4893-8669-945AA33E84F9}.AppStore|iPhone.Build.0 = Release|Any CPU
		{95C4FD20-A3AF-4893-8669-945AA33E84F9}.AppStore|iPhoneSimulator.ActiveCfg = Release|Any CPU
		{95C4FD20-A3AF-4893-8669-945AA33E84F9}.AppStore|iPhoneSimulator.Build.0 = Release|Any CPU
		{95C4FD20-A3AF-4893-8669-945AA33E84F9}.AppStore|x64.ActiveCfg = Release|Any CPU
		{95C4FD20-A3AF-4893-8669-945AA33E84F9}.AppStore|x64.Build.0 = Release|Any CPU
		{95C4FD20-A3AF-4893-8669-945AA33E84F9}.AppStore|x86.ActiveCfg = Release|Any CPU
		{95C4FD20-A3AF-4893-8669-945AA33E84F9}.AppStore|x86.Build.0 = Release|Any CPU
		{95C4FD20-A3AF-4893-8669-945AA33E84F9}.Debug|Any CPU.ActiveCfg = Debug|Any CPU
		{95C4FD20-A3AF-4893-8669-945AA33E84F9}.Debug|Any CPU.Build.0 = Debug|Any CPU
		{95C4FD20-A3AF-4893-8669-945AA33E84F9}.Debug|ARM.ActiveCfg = Debug|Any CPU
		{95C4FD20-A3AF-4893-8669-945AA33E84F9}.Debug|ARM.Build.0 = Debug|Any CPU
		{95C4FD20-A3AF-4893-8669-945AA33E84F9}.Debug|iPhone.ActiveCfg = Debug|Any CPU
		{95C4FD20-A3AF-4893-8669-945AA33E84F9}.Debug|iPhone.Build.0 = Debug|Any CPU
		{95C4FD20-A3AF-4893-8669-945AA33E84F9}.Debug|iPhoneSimulator.ActiveCfg = Debug|Any CPU
		{95C4FD20-A3AF-4893-8669-945AA33E84F9}.Debug|iPhoneSimulator.Build.0 = Debug|Any CPU
		{95C4FD20-A3AF-4893-8669-945AA33E84F9}.Debug|x64.ActiveCfg = Debug|Any CPU
		{95C4FD20-A3AF-4893-8669-945AA33E84F9}.Debug|x64.Build.0 = Debug|Any CPU
		{95C4FD20-A3AF-4893-8669-945AA33E84F9}.Debug|x86.ActiveCfg = Debug|Any CPU
		{95C4FD20-A3AF-4893-8669-945AA33E84F9}.Debug|x86.Build.0 = Debug|Any CPU
		{95C4FD20-A3AF-4893-8669-945AA33E84F9}.Release|Any CPU.ActiveCfg = Release|Any CPU
		{95C4FD20-A3AF-4893-8669-945AA33E84F9}.Release|Any CPU.Build.0 = Release|Any CPU
		{95C4FD20-A3AF-4893-8669-945AA33E84F9}.Release|ARM.ActiveCfg = Release|Any CPU
		{95C4FD20-A3AF-4893-8669-945AA33E84F9}.Release|ARM.Build.0 = Release|Any CPU
		{95C4FD20-A3AF-4893-8669-945AA33E84F9}.Release|iPhone.ActiveCfg = Release|Any CPU
		{95C4FD20-A3AF-4893-8669-945AA33E84F9}.Release|iPhone.Build.0 = Release|Any CPU
		{95C4FD20-A3AF-4893-8669-945AA33E84F9}.Release|iPhoneSimulator.ActiveCfg = Release|Any CPU
		{95C4FD20-A3AF-4893-8669-945AA33E84F9}.Release|iPhoneSimulator.Build.0 = Release|Any CPU
		{95C4FD20-A3AF-4893-8669-945AA33E84F9}.Release|x64.ActiveCfg = Release|Any CPU
		{95C4FD20-A3AF-4893-8669-945AA33E84F9}.Release|x64.Build.0 = Release|Any CPU
		{95C4FD20-A3AF-4893-8669-945AA33E84F9}.Release|x86.ActiveCfg = Release|Any CPU
		{95C4FD20-A3AF-4893-8669-945AA33E84F9}.Release|x86.Build.0 = Release|Any CPU
		{A1254C4A-C939-4D8D-85E4-9426E8C3F370}.Ad-Hoc|Any CPU.ActiveCfg = Release|x86
		{A1254C4A-C939-4D8D-85E4-9426E8C3F370}.Ad-Hoc|Any CPU.Build.0 = Release|x86
		{A1254C4A-C939-4D8D-85E4-9426E8C3F370}.Ad-Hoc|Any CPU.Deploy.0 = Release|x86
		{A1254C4A-C939-4D8D-85E4-9426E8C3F370}.Ad-Hoc|ARM.ActiveCfg = Release|ARM
		{A1254C4A-C939-4D8D-85E4-9426E8C3F370}.Ad-Hoc|ARM.Build.0 = Release|ARM
		{A1254C4A-C939-4D8D-85E4-9426E8C3F370}.Ad-Hoc|ARM.Deploy.0 = Release|ARM
		{A1254C4A-C939-4D8D-85E4-9426E8C3F370}.Ad-Hoc|iPhone.ActiveCfg = Release|x86
		{A1254C4A-C939-4D8D-85E4-9426E8C3F370}.Ad-Hoc|iPhone.Build.0 = Release|x86
		{A1254C4A-C939-4D8D-85E4-9426E8C3F370}.Ad-Hoc|iPhone.Deploy.0 = Release|x86
		{A1254C4A-C939-4D8D-85E4-9426E8C3F370}.Ad-Hoc|iPhoneSimulator.ActiveCfg = Release|x86
		{A1254C4A-C939-4D8D-85E4-9426E8C3F370}.Ad-Hoc|iPhoneSimulator.Build.0 = Release|x86
		{A1254C4A-C939-4D8D-85E4-9426E8C3F370}.Ad-Hoc|iPhoneSimulator.Deploy.0 = Release|x86
		{A1254C4A-C939-4D8D-85E4-9426E8C3F370}.Ad-Hoc|x64.ActiveCfg = Release|x64
		{A1254C4A-C939-4D8D-85E4-9426E8C3F370}.Ad-Hoc|x64.Build.0 = Release|x64
		{A1254C4A-C939-4D8D-85E4-9426E8C3F370}.Ad-Hoc|x64.Deploy.0 = Release|x64
		{A1254C4A-C939-4D8D-85E4-9426E8C3F370}.Ad-Hoc|x86.ActiveCfg = Release|x86
		{A1254C4A-C939-4D8D-85E4-9426E8C3F370}.Ad-Hoc|x86.Build.0 = Release|x86
		{A1254C4A-C939-4D8D-85E4-9426E8C3F370}.Ad-Hoc|x86.Deploy.0 = Release|x86
		{A1254C4A-C939-4D8D-85E4-9426E8C3F370}.AppStore|Any CPU.ActiveCfg = Release|x86
		{A1254C4A-C939-4D8D-85E4-9426E8C3F370}.AppStore|Any CPU.Build.0 = Release|x86
		{A1254C4A-C939-4D8D-85E4-9426E8C3F370}.AppStore|Any CPU.Deploy.0 = Release|x86
		{A1254C4A-C939-4D8D-85E4-9426E8C3F370}.AppStore|ARM.ActiveCfg = Release|ARM
		{A1254C4A-C939-4D8D-85E4-9426E8C3F370}.AppStore|ARM.Build.0 = Release|ARM
		{A1254C4A-C939-4D8D-85E4-9426E8C3F370}.AppStore|ARM.Deploy.0 = Release|ARM
		{A1254C4A-C939-4D8D-85E4-9426E8C3F370}.AppStore|iPhone.ActiveCfg = Release|x86
		{A1254C4A-C939-4D8D-85E4-9426E8C3F370}.AppStore|iPhone.Build.0 = Release|x86
		{A1254C4A-C939-4D8D-85E4-9426E8C3F370}.AppStore|iPhone.Deploy.0 = Release|x86
		{A1254C4A-C939-4D8D-85E4-9426E8C3F370}.AppStore|iPhoneSimulator.ActiveCfg = Release|x86
		{A1254C4A-C939-4D8D-85E4-9426E8C3F370}.AppStore|iPhoneSimulator.Build.0 = Release|x86
		{A1254C4A-C939-4D8D-85E4-9426E8C3F370}.AppStore|iPhoneSimulator.Deploy.0 = Release|x86
		{A1254C4A-C939-4D8D-85E4-9426E8C3F370}.AppStore|x64.ActiveCfg = Release|x64
		{A1254C4A-C939-4D8D-85E4-9426E8C3F370}.AppStore|x64.Build.0 = Release|x64
		{A1254C4A-C939-4D8D-85E4-9426E8C3F370}.AppStore|x64.Deploy.0 = Release|x64
		{A1254C4A-C939-4D8D-85E4-9426E8C3F370}.AppStore|x86.ActiveCfg = Release|x86
		{A1254C4A-C939-4D8D-85E4-9426E8C3F370}.AppStore|x86.Build.0 = Release|x86
		{A1254C4A-C939-4D8D-85E4-9426E8C3F370}.AppStore|x86.Deploy.0 = Release|x86
		{A1254C4A-C939-4D8D-85E4-9426E8C3F370}.Debug|Any CPU.ActiveCfg = Debug|x86
		{A1254C4A-C939-4D8D-85E4-9426E8C3F370}.Debug|ARM.ActiveCfg = Debug|ARM
		{A1254C4A-C939-4D8D-85E4-9426E8C3F370}.Debug|ARM.Build.0 = Debug|ARM
		{A1254C4A-C939-4D8D-85E4-9426E8C3F370}.Debug|ARM.Deploy.0 = Debug|ARM
		{A1254C4A-C939-4D8D-85E4-9426E8C3F370}.Debug|iPhone.ActiveCfg = Debug|x86
		{A1254C4A-C939-4D8D-85E4-9426E8C3F370}.Debug|iPhoneSimulator.ActiveCfg = Debug|x86
		{A1254C4A-C939-4D8D-85E4-9426E8C3F370}.Debug|x64.ActiveCfg = Debug|x64
		{A1254C4A-C939-4D8D-85E4-9426E8C3F370}.Debug|x64.Build.0 = Debug|x64
		{A1254C4A-C939-4D8D-85E4-9426E8C3F370}.Debug|x64.Deploy.0 = Debug|x64
		{A1254C4A-C939-4D8D-85E4-9426E8C3F370}.Debug|x86.ActiveCfg = Debug|x86
		{A1254C4A-C939-4D8D-85E4-9426E8C3F370}.Debug|x86.Build.0 = Debug|x86
		{A1254C4A-C939-4D8D-85E4-9426E8C3F370}.Debug|x86.Deploy.0 = Debug|x86
		{A1254C4A-C939-4D8D-85E4-9426E8C3F370}.Release|Any CPU.ActiveCfg = Release|x86
		{A1254C4A-C939-4D8D-85E4-9426E8C3F370}.Release|ARM.ActiveCfg = Release|ARM
		{A1254C4A-C939-4D8D-85E4-9426E8C3F370}.Release|ARM.Build.0 = Release|ARM
		{A1254C4A-C939-4D8D-85E4-9426E8C3F370}.Release|ARM.Deploy.0 = Release|ARM
		{A1254C4A-C939-4D8D-85E4-9426E8C3F370}.Release|iPhone.ActiveCfg = Release|x86
		{A1254C4A-C939-4D8D-85E4-9426E8C3F370}.Release|iPhoneSimulator.ActiveCfg = Release|x86
		{A1254C4A-C939-4D8D-85E4-9426E8C3F370}.Release|x64.ActiveCfg = Release|x64
		{A1254C4A-C939-4D8D-85E4-9426E8C3F370}.Release|x64.Build.0 = Release|x64
		{A1254C4A-C939-4D8D-85E4-9426E8C3F370}.Release|x64.Deploy.0 = Release|x64
		{A1254C4A-C939-4D8D-85E4-9426E8C3F370}.Release|x86.ActiveCfg = Release|x86
		{A1254C4A-C939-4D8D-85E4-9426E8C3F370}.Release|x86.Build.0 = Release|x86
		{A1254C4A-C939-4D8D-85E4-9426E8C3F370}.Release|x86.Deploy.0 = Release|x86
		{3FA3C9B7-E3E8-4ED9-AE9C-0819B8D1FB7B}.Ad-Hoc|Any CPU.ActiveCfg = Ad-Hoc|iPhoneSimulator
		{3FA3C9B7-E3E8-4ED9-AE9C-0819B8D1FB7B}.Ad-Hoc|ARM.ActiveCfg = Ad-Hoc|iPhone
		{3FA3C9B7-E3E8-4ED9-AE9C-0819B8D1FB7B}.Ad-Hoc|iPhone.ActiveCfg = Ad-Hoc|iPhone
		{3FA3C9B7-E3E8-4ED9-AE9C-0819B8D1FB7B}.Ad-Hoc|iPhone.Build.0 = Ad-Hoc|iPhone
		{3FA3C9B7-E3E8-4ED9-AE9C-0819B8D1FB7B}.Ad-Hoc|iPhoneSimulator.ActiveCfg = Ad-Hoc|iPhoneSimulator
		{3FA3C9B7-E3E8-4ED9-AE9C-0819B8D1FB7B}.Ad-Hoc|iPhoneSimulator.Build.0 = Ad-Hoc|iPhoneSimulator
		{3FA3C9B7-E3E8-4ED9-AE9C-0819B8D1FB7B}.Ad-Hoc|x64.ActiveCfg = Ad-Hoc|iPhone
		{3FA3C9B7-E3E8-4ED9-AE9C-0819B8D1FB7B}.Ad-Hoc|x86.ActiveCfg = Ad-Hoc|iPhone
		{3FA3C9B7-E3E8-4ED9-AE9C-0819B8D1FB7B}.AppStore|Any CPU.ActiveCfg = AppStore|iPhoneSimulator
		{3FA3C9B7-E3E8-4ED9-AE9C-0819B8D1FB7B}.AppStore|ARM.ActiveCfg = AppStore|iPhone
		{3FA3C9B7-E3E8-4ED9-AE9C-0819B8D1FB7B}.AppStore|iPhone.ActiveCfg = AppStore|iPhone
		{3FA3C9B7-E3E8-4ED9-AE9C-0819B8D1FB7B}.AppStore|iPhone.Build.0 = AppStore|iPhone
		{3FA3C9B7-E3E8-4ED9-AE9C-0819B8D1FB7B}.AppStore|iPhoneSimulator.ActiveCfg = AppStore|iPhoneSimulator
		{3FA3C9B7-E3E8-4ED9-AE9C-0819B8D1FB7B}.AppStore|iPhoneSimulator.Build.0 = AppStore|iPhoneSimulator
		{3FA3C9B7-E3E8-4ED9-AE9C-0819B8D1FB7B}.AppStore|x64.ActiveCfg = AppStore|iPhone
		{3FA3C9B7-E3E8-4ED9-AE9C-0819B8D1FB7B}.AppStore|x86.ActiveCfg = AppStore|iPhone
		{3FA3C9B7-E3E8-4ED9-AE9C-0819B8D1FB7B}.Debug|Any CPU.ActiveCfg = Debug|iPhoneSimulator
		{3FA3C9B7-E3E8-4ED9-AE9C-0819B8D1FB7B}.Debug|ARM.ActiveCfg = Debug|iPhone
		{3FA3C9B7-E3E8-4ED9-AE9C-0819B8D1FB7B}.Debug|iPhone.ActiveCfg = Debug|iPhone
		{3FA3C9B7-E3E8-4ED9-AE9C-0819B8D1FB7B}.Debug|iPhone.Build.0 = Debug|iPhone
		{3FA3C9B7-E3E8-4ED9-AE9C-0819B8D1FB7B}.Debug|iPhoneSimulator.ActiveCfg = Debug|iPhoneSimulator
		{3FA3C9B7-E3E8-4ED9-AE9C-0819B8D1FB7B}.Debug|iPhoneSimulator.Build.0 = Debug|iPhoneSimulator
		{3FA3C9B7-E3E8-4ED9-AE9C-0819B8D1FB7B}.Debug|x64.ActiveCfg = Debug|iPhone
		{3FA3C9B7-E3E8-4ED9-AE9C-0819B8D1FB7B}.Debug|x86.ActiveCfg = Debug|iPhone
		{3FA3C9B7-E3E8-4ED9-AE9C-0819B8D1FB7B}.Release|Any CPU.ActiveCfg = Release|iPhoneSimulator
		{3FA3C9B7-E3E8-4ED9-AE9C-0819B8D1FB7B}.Release|ARM.ActiveCfg = Release|iPhone
		{3FA3C9B7-E3E8-4ED9-AE9C-0819B8D1FB7B}.Release|iPhone.ActiveCfg = Release|iPhone
		{3FA3C9B7-E3E8-4ED9-AE9C-0819B8D1FB7B}.Release|iPhone.Build.0 = Release|iPhone
		{3FA3C9B7-E3E8-4ED9-AE9C-0819B8D1FB7B}.Release|iPhoneSimulator.ActiveCfg = Release|iPhoneSimulator
		{3FA3C9B7-E3E8-4ED9-AE9C-0819B8D1FB7B}.Release|iPhoneSimulator.Build.0 = Release|iPhoneSimulator
		{3FA3C9B7-E3E8-4ED9-AE9C-0819B8D1FB7B}.Release|x64.ActiveCfg = Release|iPhone
		{3FA3C9B7-E3E8-4ED9-AE9C-0819B8D1FB7B}.Release|x86.ActiveCfg = Release|iPhone
	EndGlobalSection
	GlobalSection(SolutionProperties) = preSolution
		HideSolutionNode = FALSE
	EndGlobalSection
	GlobalSection(ExtensibilityGlobals) = postSolution
		SolutionGuid = {E5E870DD-57DB-4CE1-B7A2-A6E199D0E877}
	EndGlobalSection
EndGlobal
